
Microsoft Visual Studio Solution File, Format Version 12.00
# Visual Studio Version 17
VisualStudioVersion = 17.8.34309.116
MinimumVisualStudioVersion = 10.0.40219.1
Project("{FAE04EC0-301F-11D3-BF4B-00C04F79EFBC}") = "Proxy", "Proxy\Proxy.csproj", "{02E45DD4-AFD2-4678-9AFB-E08DAA430A10}"
EndProject
Global
	GlobalSection(SolutionConfigurationPlatforms) = preSolution
		Debug|Any CPU = Debug|Any CPU
		Release|Any CPU = Release|Any CPU
	EndGlobalSection
	GlobalSection(ProjectConfigurationPlatforms) = postSolution
		{02E45DD4-AFD2-4678-9AFB-E08DAA430A10}.Debug|Any CPU.ActiveCfg = Debug|Any CPU
		{02E45DD4-AFD2-4678-9AFB-E08DAA430A10}.Debug|Any CPU.Build.0 = Debug|Any CPU
		{02E45DD4-AFD2-4678-9AFB-E08DAA430A10}.Release|Any CPU.ActiveCfg = Release|Any CPU
		{02E45DD4-AFD2-4678-9AFB-E08DAA430A10}.Release|Any CPU.Build.0 = Release|Any CPU
	EndGlobalSection
	GlobalSection(SolutionProperties) = preSolution
		HideSolutionNode = FALSE
	EndGlobalSection
	GlobalSection(ExtensibilityGlobals) = postSolution
		SolutionGuid = {0AE43D2C-81D0-45B6-86FD-D5A537BC95CA}
	EndGlobalSection
EndGlobal
